
Microsoft Visual Studio Solution File, Format Version 12.00
# Visual Studio Version 17
VisualStudioVersion = 17.0.31912.275
MinimumVisualStudioVersion = 10.0.40219.1
Project("{F2A71F9B-5D33-465A-A702-920D77279786}") = "Day4", "Day4\Day4.fsproj", "{7DF45C1B-58A1-4C68-95A8-35907B8C33F5}"
EndProject
Project("{F2A71F9B-5D33-465A-A702-920D77279786}") = "ExampleTests", "ExampleTests\ExampleTests.fsproj", "{2AC8B915-C23D-4C46-87C7-68F4D37DCEA4}"
EndProject
Global
	GlobalSection(SolutionConfigurationPlatforms) = preSolution
		Debug|Any CPU = Debug|Any CPU
		Release|Any CPU = Release|Any CPU
	EndGlobalSection
	GlobalSection(ProjectConfigurationPlatforms) = postSolution
		{7DF45C1B-58A1-4C68-95A8-35907B8C33F5}.Debug|Any CPU.ActiveCfg = Debug|Any CPU
		{7DF45C1B-58A1-4C68-95A8-35907B8C33F5}.Debug|Any CPU.Build.0 = Debug|Any CPU
		{7DF45C1B-58A1-4C68-95A8-35907B8C33F5}.Release|Any CPU.ActiveCfg = Release|Any CPU
		{7DF45C1B-58A1-4C68-95A8-35907B8C33F5}.Release|Any CPU.Build.0 = Release|Any CPU
		{2AC8B915-C23D-4C46-87C7-68F4D37DCEA4}.Debug|Any CPU.ActiveCfg = Debug|Any CPU
		{2AC8B915-C23D-4C46-87C7-68F4D37DCEA4}.Debug|Any CPU.Build.0 = Debug|Any CPU
		{2AC8B915-C23D-4C46-87C7-68F4D37DCEA4}.Release|Any CPU.ActiveCfg = Release|Any CPU
		{2AC8B915-C23D-4C46-87C7-68F4D37DCEA4}.Release|Any CPU.Build.0 = Release|Any CPU
	EndGlobalSection
	GlobalSection(SolutionProperties) = preSolution
		HideSolutionNode = FALSE
	EndGlobalSection
	GlobalSection(ExtensibilityGlobals) = postSolution
		SolutionGuid = {EA4E7C2D-E9C0-4F9F-ADD1-4CC0D7749977}
	EndGlobalSection
EndGlobal
