
Microsoft Visual Studio Solution File, Format Version 12.00
# Visual Studio Version 17
VisualStudioVersion = 17.0.31912.275
MinimumVisualStudioVersion = 10.0.40219.1
Project("{F2A71F9B-5D33-465A-A702-920D77279786}") = "Day6", "Day6\Day6.fsproj", "{A1429295-1095-40C3-AE67-AF2C95269E12}"
EndProject
Project("{F2A71F9B-5D33-465A-A702-920D77279786}") = "ExampleTests", "ExampleTests\ExampleTests.fsproj", "{015DD8FB-EE60-4E0C-8CCE-E0701C8DE358}"
EndProject
Global
	GlobalSection(SolutionConfigurationPlatforms) = preSolution
		Debug|Any CPU = Debug|Any CPU
		Release|Any CPU = Release|Any CPU
	EndGlobalSection
	GlobalSection(ProjectConfigurationPlatforms) = postSolution
		{A1429295-1095-40C3-AE67-AF2C95269E12}.Debug|Any CPU.ActiveCfg = Debug|Any CPU
		{A1429295-1095-40C3-AE67-AF2C95269E12}.Debug|Any CPU.Build.0 = Debug|Any CPU
		{A1429295-1095-40C3-AE67-AF2C95269E12}.Release|Any CPU.ActiveCfg = Release|Any CPU
		{A1429295-1095-40C3-AE67-AF2C95269E12}.Release|Any CPU.Build.0 = Release|Any CPU
		{015DD8FB-EE60-4E0C-8CCE-E0701C8DE358}.Debug|Any CPU.ActiveCfg = Debug|Any CPU
		{015DD8FB-EE60-4E0C-8CCE-E0701C8DE358}.Debug|Any CPU.Build.0 = Debug|Any CPU
		{015DD8FB-EE60-4E0C-8CCE-E0701C8DE358}.Release|Any CPU.ActiveCfg = Release|Any CPU
		{015DD8FB-EE60-4E0C-8CCE-E0701C8DE358}.Release|Any CPU.Build.0 = Release|Any CPU
	EndGlobalSection
	GlobalSection(SolutionProperties) = preSolution
		HideSolutionNode = FALSE
	EndGlobalSection
	GlobalSection(ExtensibilityGlobals) = postSolution
		SolutionGuid = {5D154B5D-E518-4EC5-8382-D8FA94B5107D}
	EndGlobalSection
EndGlobal
