
Microsoft Visual Studio Solution File, Format Version 12.00
# Visual Studio Version 17
VisualStudioVersion = 17.0.31912.275
MinimumVisualStudioVersion = 10.0.40219.1
Project("{F2A71F9B-5D33-465A-A702-920D77279786}") = "Day1", "Day1\Day1.fsproj", "{EA114CAD-B0A3-486F-97B4-C8620230E99E}"
EndProject
Global
	GlobalSection(SolutionConfigurationPlatforms) = preSolution
		Debug|Any CPU = Debug|Any CPU
		Release|Any CPU = Release|Any CPU
	EndGlobalSection
	GlobalSection(ProjectConfigurationPlatforms) = postSolution
		{EA114CAD-B0A3-486F-97B4-C8620230E99E}.Debug|Any CPU.ActiveCfg = Debug|Any CPU
		{EA114CAD-B0A3-486F-97B4-C8620230E99E}.Debug|Any CPU.Build.0 = Debug|Any CPU
		{EA114CAD-B0A3-486F-97B4-C8620230E99E}.Release|Any CPU.ActiveCfg = Release|Any CPU
		{EA114CAD-B0A3-486F-97B4-C8620230E99E}.Release|Any CPU.Build.0 = Release|Any CPU
	EndGlobalSection
	GlobalSection(SolutionProperties) = preSolution
		HideSolutionNode = FALSE
	EndGlobalSection
	GlobalSection(ExtensibilityGlobals) = postSolution
		SolutionGuid = {D4952DB2-68F1-49C9-B40D-A2FD114E89B1}
	EndGlobalSection
EndGlobal
